
Microsoft Visual Studio Solution File, Format Version 12.00
# Visual Studio 15
VisualStudioVersion = 15.0.28010.2036
MinimumVisualStudioVersion = 10.0.40219.1
Project("{9A19103F-16F7-4668-BE54-9A1E7A4F7556}") = "SIS.HTTP", "SIS.HTTP\SIS.HTTP.csproj", "{4400C1C3-0D44-4BAE-8074-4B2135BAAF2E}"
EndProject
Project("{9A19103F-16F7-4668-BE54-9A1E7A4F7556}") = "SIS.WebServer", "SIS.WebServer\SIS.WebServer.csproj", "{80304E62-59F0-4697-BB3B-49A7D3C5E24E}"
EndProject
Project("{2150E333-8FDC-42A3-9474-1A3956D46DE8}") = "Apps", "Apps", "{A1230A9F-9000-4FC0-A3A2-B65457F8E078}"
EndProject
Project("{9A19103F-16F7-4668-BE54-9A1E7A4F7556}") = "SIS.Framework", "SIS.Framework\SIS.Framework.csproj", "{5465914E-C8C2-4D4C-88A2-4A842FED2201}"
EndProject
Project("{FAE04EC0-301F-11D3-BF4B-00C04F79EFBC}") = "SIS.Demo", "SIS.Demo\SIS.Demo.csproj", "{7B94E2AB-F542-40E1-8082-002DA83F3CA1}"
EndProject
Global
	GlobalSection(SolutionConfigurationPlatforms) = preSolution
		Debug|Any CPU = Debug|Any CPU
		Release|Any CPU = Release|Any CPU
	EndGlobalSection
	GlobalSection(ProjectConfigurationPlatforms) = postSolution
		{4400C1C3-0D44-4BAE-8074-4B2135BAAF2E}.Debug|Any CPU.ActiveCfg = Debug|Any CPU
		{4400C1C3-0D44-4BAE-8074-4B2135BAAF2E}.Debug|Any CPU.Build.0 = Debug|Any CPU
		{4400C1C3-0D44-4BAE-8074-4B2135BAAF2E}.Release|Any CPU.ActiveCfg = Release|Any CPU
		{4400C1C3-0D44-4BAE-8074-4B2135BAAF2E}.Release|Any CPU.Build.0 = Release|Any CPU
		{80304E62-59F0-4697-BB3B-49A7D3C5E24E}.Debug|Any CPU.ActiveCfg = Debug|Any CPU
		{80304E62-59F0-4697-BB3B-49A7D3C5E24E}.Debug|Any CPU.Build.0 = Debug|Any CPU
		{80304E62-59F0-4697-BB3B-49A7D3C5E24E}.Release|Any CPU.ActiveCfg = Release|Any CPU
		{80304E62-59F0-4697-BB3B-49A7D3C5E24E}.Release|Any CPU.Build.0 = Release|Any CPU
		{5465914E-C8C2-4D4C-88A2-4A842FED2201}.Debug|Any CPU.ActiveCfg = Debug|Any CPU
		{5465914E-C8C2-4D4C-88A2-4A842FED2201}.Debug|Any CPU.Build.0 = Debug|Any CPU
		{5465914E-C8C2-4D4C-88A2-4A842FED2201}.Release|Any CPU.ActiveCfg = Release|Any CPU
		{5465914E-C8C2-4D4C-88A2-4A842FED2201}.Release|Any CPU.Build.0 = Release|Any CPU
		{7B94E2AB-F542-40E1-8082-002DA83F3CA1}.Debug|Any CPU.ActiveCfg = Debug|Any CPU
		{7B94E2AB-F542-40E1-8082-002DA83F3CA1}.Debug|Any CPU.Build.0 = Debug|Any CPU
		{7B94E2AB-F542-40E1-8082-002DA83F3CA1}.Release|Any CPU.ActiveCfg = Release|Any CPU
		{7B94E2AB-F542-40E1-8082-002DA83F3CA1}.Release|Any CPU.Build.0 = Release|Any CPU
	EndGlobalSection
	GlobalSection(SolutionProperties) = preSolution
		HideSolutionNode = FALSE
	EndGlobalSection
	GlobalSection(NestedProjects) = preSolution
		{7B94E2AB-F542-40E1-8082-002DA83F3CA1} = {A1230A9F-9000-4FC0-A3A2-B65457F8E078}
	EndGlobalSection
	GlobalSection(ExtensibilityGlobals) = postSolution
		SolutionGuid = {50437E81-01E5-460A-80CD-85E7ABB7EEDD}
	EndGlobalSection
EndGlobal
